Microsoft Visual Studio Solution File, Format Version 12.00
# Visual Studio Version 17
VisualStudioVersion = 17.5.2.0
MinimumVisualStudioVersion = 10.0.40219.1
Project("{FAE04EC0-301F-11D3-BF4B-00C04F79EFBC}") = "Accommodations", "Accommodations.csproj", "{0166AA7C-4F64-6E3B-BB62-8159F03102E8}"
EndProject
Global
	GlobalSection(SolutionConfigurationPlatforms) = preSolution
		Debug|Any CPU = Debug|Any CPU
		Release|Any CPU = Release|Any CPU
	EndGlobalSection
	GlobalSection(ProjectConfigurationPlatforms) = postSolution
		{0166AA7C-4F64-6E3B-BB62-8159F03102E8}.Debug|Any CPU.ActiveCfg = Debug|Any CPU
		{0166AA7C-4F64-6E3B-BB62-8159F03102E8}.Debug|Any CPU.Build.0 = Debug|Any CPU
		{0166AA7C-4F64-6E3B-BB62-8159F03102E8}.Release|Any CPU.ActiveCfg = Release|Any CPU
		{0166AA7C-4F64-6E3B-BB62-8159F03102E8}.Release|Any CPU.Build.0 = Release|Any CPU
	EndGlobalSection
	GlobalSection(SolutionProperties) = preSolution
		HideSolutionNode = FALSE
	EndGlobalSection
	GlobalSection(ExtensibilityGlobals) = postSolution
		SolutionGuid = {EAC2F524-2A39-4159-B486-2EBB69D9E53D}
	EndGlobalSection
EndGlobal
