Microsoft Visual Studio Solution File, Format Version 12.00
# Visual Studio Version 17
VisualStudioVersion = 17.5.2.0
MinimumVisualStudioVersion = 10.0.40219.1
Project("{FAE04EC0-301F-11D3-BF4B-00C04F79EFBC}") = "Perevodchik", "Perevodchik.csproj", "{67E20DCD-3092-F5B3-49A7-738AE48921E5}"
EndProject
Global
	GlobalSection(SolutionConfigurationPlatforms) = preSolution
		Debug|Any CPU = Debug|Any CPU
		Release|Any CPU = Release|Any CPU
	EndGlobalSection
	GlobalSection(ProjectConfigurationPlatforms) = postSolution
		{67E20DCD-3092-F5B3-49A7-738AE48921E5}.Debug|Any CPU.ActiveCfg = Debug|Any CPU
		{67E20DCD-3092-F5B3-49A7-738AE48921E5}.Debug|Any CPU.Build.0 = Debug|Any CPU
		{67E20DCD-3092-F5B3-49A7-738AE48921E5}.Release|Any CPU.ActiveCfg = Release|Any CPU
		{67E20DCD-3092-F5B3-49A7-738AE48921E5}.Release|Any CPU.Build.0 = Release|Any CPU
	EndGlobalSection
	GlobalSection(SolutionProperties) = preSolution
		HideSolutionNode = FALSE
	EndGlobalSection
	GlobalSection(ExtensibilityGlobals) = postSolution
		SolutionGuid = {5EE55D97-16DB-48EB-BDE5-6EC28234B144}
	EndGlobalSection
EndGlobal
