Microsoft Visual Studio Solution File, Format Version 12.00
# Visual Studio Version 17
VisualStudioVersion = 17.5.2.0
MinimumVisualStudioVersion = 10.0.40219.1
Project("{FAE04EC0-301F-11D3-BF4B-00C04F79EFBC}") = "Zakaz-travel", "Zakaz-travel.csproj", "{EF0814A4-3B8A-9FA4-1EA8-3E3B1766EF78}"
EndProject
Global
	GlobalSection(SolutionConfigurationPlatforms) = preSolution
		Debug|Any CPU = Debug|Any CPU
		Release|Any CPU = Release|Any CPU
	EndGlobalSection
	GlobalSection(ProjectConfigurationPlatforms) = postSolution
		{EF0814A4-3B8A-9FA4-1EA8-3E3B1766EF78}.Debug|Any CPU.ActiveCfg = Debug|Any CPU
		{EF0814A4-3B8A-9FA4-1EA8-3E3B1766EF78}.Debug|Any CPU.Build.0 = Debug|Any CPU
		{EF0814A4-3B8A-9FA4-1EA8-3E3B1766EF78}.Release|Any CPU.ActiveCfg = Release|Any CPU
		{EF0814A4-3B8A-9FA4-1EA8-3E3B1766EF78}.Release|Any CPU.Build.0 = Release|Any CPU
	EndGlobalSection
	GlobalSection(SolutionProperties) = preSolution
		HideSolutionNode = FALSE
	EndGlobalSection
	GlobalSection(ExtensibilityGlobals) = postSolution
		SolutionGuid = {05EC047E-F82F-4FCD-9CEF-097601687A37}
	EndGlobalSection
EndGlobal
